{
  "name": "Expense Management",
  "lockfileVersion": 3,
  "requires": true,
  "packages": {
    "": {
      "dependencies": {
        "@lordicon/element": "^2.1.0",
        "@lottiefiles/dotlottie-web": "^0.66.2"
      }
    },
    "node_modules/@lordicon/element": {
      "version": "2.1.0",
      "resolved": "https://registry.npmjs.org/@lordicon/element/-/element-2.1.0.tgz",
      "integrity": "sha512-zTQn6vT3ALub534aWYc90A4DxlPhOpI3FJiFVRZsry1GyMcdMinoI3frIuMCvVVEUPAstevleSZhNXNI0U+SDw==",
      "license": "MIT",
      "dependencies": {
        "@lordicon/web": "^1.0.0"
      }
    },
    "node_modules/@lordicon/web": {
      "version": "1.0.0",
      "resolved": "https://registry.npmjs.org/@lordicon/web/-/web-1.0.0.tgz",
      "integrity": "sha512-ffFZGtMpAJiYjFYiWOoPMCZt5Toacu7cvycC9yk8wDhc5WtXxnzhjaxHlZ3qM5PLYJlAF2dYeIUqcJCkH2f+dw==",
      "license": "MIT"
    },
    "node_modules/@lottiefiles/dotlottie-web": {
      "version": "0.66.2",
      "resolved": "https://registry.npmjs.org/@lottiefiles/dotlottie-web/-/dotlottie-web-0.66.2.tgz",
      "integrity": "sha512-Z8MMJmSRbvEPqsNMrTN6KzAZNDLSYB98N7BjpVo5+nFGpUMGlu+20UkGmJUHI5ED4S6CDwAWnl+hriGyMCKTow==",
      "license": "MIT"
    }
  }
}
